{
  "name": "q01",
  "version": "1.0.0",
  "lockfileVersion": 3,
  "requires": true,
  "packages": {
    "": {
      "name": "q01",
      "version": "1.0.0",
      "license": "ISC",
      "dependencies": {
        "js-cordyceps": "^0.4.0"
      }
    },
    "node_modules/js-cordyceps": {
      "version": "0.4.0",
      "resolved": "https://registry.npmjs.org/js-cordyceps/-/js-cordyceps-0.4.0.tgz",
      "integrity": "sha512-2GTQWpseaJ5afIKr8PKW7kUnmo+UmqYU69RDDIs7opQCNlhKOHRHxAYIW1lQEDhilDfpy+xgkrfPrNxKyJtZzw=="
    }
  }
}
