{
  "name": "q01",
  "version": "1.0.0",
  "lockfileVersion": 3,
  "requires": true,
  "packages": {
    "": {
      "name": "q01",
      "version": "1.0.0",
      "license": "ISC",
      "dependencies": {
        "js-cordyceps": "^0.3.1"
      }
    },
    "node_modules/js-cordyceps": {
      "version": "0.3.1",
      "resolved": "https://registry.npmjs.org/js-cordyceps/-/js-cordyceps-0.3.1.tgz",
      "integrity": "sha512-4DKCzkgEgcPBey9IG3vW5CwE30nS55wsopqS97PLSj/0Xjx3B/szcUVrWubiSgxtrlPpWnp1lohnviJV7mStpA=="
    }
  }
}
